
Microsoft Visual Studio Solution File, Format Version 12.00
# Visual Studio Version 17
VisualStudioVersion = 17.5.002.0
MinimumVisualStudioVersion = 10.0.40219.1
Project("{9A19103F-16F7-4668-BE54-9A1E7A4F7556}") = "ParallelProgrammingCSharp", "ParallelProgrammingCSharp.csproj", "{2DA6B04A-9F29-4622-A564-A6056280B5AD}"
EndProject
Global
	GlobalSection(SolutionConfigurationPlatforms) = preSolution
		Debug|Any CPU = Debug|Any CPU
		Release|Any CPU = Release|Any CPU
	EndGlobalSection
	GlobalSection(ProjectConfigurationPlatforms) = postSolution
		{2DA6B04A-9F29-4622-A564-A6056280B5AD}.Debug|Any CPU.ActiveCfg = Debug|Any CPU
		{2DA6B04A-9F29-4622-A564-A6056280B5AD}.Debug|Any CPU.Build.0 = Debug|Any CPU
		{2DA6B04A-9F29-4622-A564-A6056280B5AD}.Release|Any CPU.ActiveCfg = Release|Any CPU
		{2DA6B04A-9F29-4622-A564-A6056280B5AD}.Release|Any CPU.Build.0 = Release|Any CPU
	EndGlobalSection
	GlobalSection(SolutionProperties) = preSolution
		HideSolutionNode = FALSE
	EndGlobalSection
	GlobalSection(ExtensibilityGlobals) = postSolution
		SolutionGuid = {7E226B87-1C9C-436E-BF33-5522E262B3DC}
	EndGlobalSection
EndGlobal
